
Microsoft Visual Studio Solution File, Format Version 11.00
# Visual Studio 2010
Project("{F184B08F-C81C-45F6-A57F-5ABD9991F28F}") = "Chapter 5 Page 234", "Chapter 5 Page 234.vbproj", "{F93BA911-6666-4D94-B274-2C070D5CCD19}"
EndProject
Global
	GlobalSection(SolutionConfigurationPlatforms) = preSolution
		Debug|x86 = Debug|x86
		Release|x86 = Release|x86
	EndGlobalSection
	GlobalSection(ProjectConfigurationPlatforms) = postSolution
		{F93BA911-6666-4D94-B274-2C070D5CCD19}.Debug|x86.ActiveCfg = Debug|x86
		{F93BA911-6666-4D94-B274-2C070D5CCD19}.Debug|x86.Build.0 = Debug|x86
		{F93BA911-6666-4D94-B274-2C070D5CCD19}.Release|x86.ActiveCfg = Release|x86
		{F93BA911-6666-4D94-B274-2C070D5CCD19}.Release|x86.Build.0 = Release|x86
	EndGlobalSection
	GlobalSection(SolutionProperties) = preSolution
		HideSolutionNode = FALSE
	EndGlobalSection
EndGlobal
